
Microsoft Visual Studio Solution File, Format Version 12.00
# Visual Studio Version 16
VisualStudioVersion = 16.0.30907.101
MinimumVisualStudioVersion = 10.0.40219.1
Project("{9A19103F-16F7-4668-BE54-9A1E7A4F7556}") = "DataAccess", "DataAccess\DataAccess.csproj", "{4A480695-DEDF-493E-8A1F-78B6395DEF85}"
EndProject
Project("{9A19103F-16F7-4668-BE54-9A1E7A4F7556}") = "Business", "Business\Business.csproj", "{04749088-E13C-4BBF-96A0-4E5BECD12536}"
EndProject
Project("{9A19103F-16F7-4668-BE54-9A1E7A4F7556}") = "Entities", "Entities\Entities.csproj", "{A172402F-215D-48C2-9774-4F84B1C028B1}"
EndProject
Project("{9A19103F-16F7-4668-BE54-9A1E7A4F7556}") = "ConsoleUI", "ConsoleUI\ConsoleUI.csproj", "{3C9C564E-712B-4C2C-B9A4-E3C478FD2C13}"
EndProject
Project("{9A19103F-16F7-4668-BE54-9A1E7A4F7556}") = "Core", "Core\Core.csproj", "{38208EBB-3829-4D81-8945-E5A6DE5A8B4D}"
EndProject
Project("{FAE04EC0-301F-11D3-BF4B-00C04F79EFBC}") = "WebAPI", "WebAPI\WebAPI.csproj", "{B80ED29D-C9AA-4890-A9DB-9AC33D5894B2}"
EndProject
Global
	GlobalSection(SolutionConfigurationPlatforms) = preSolution
		Debug|Any CPU = Debug|Any CPU
		Release|Any CPU = Release|Any CPU
	EndGlobalSection
	GlobalSection(ProjectConfigurationPlatforms) = postSolution
		{4A480695-DEDF-493E-8A1F-78B6395DEF85}.Debug|Any CPU.ActiveCfg = Debug|Any CPU
		{4A480695-DEDF-493E-8A1F-78B6395DEF85}.Debug|Any CPU.Build.0 = Debug|Any CPU
		{4A480695-DEDF-493E-8A1F-78B6395DEF85}.Release|Any CPU.ActiveCfg = Release|Any CPU
		{4A480695-DEDF-493E-8A1F-78B6395DEF85}.Release|Any CPU.Build.0 = Release|Any CPU
		{04749088-E13C-4BBF-96A0-4E5BECD12536}.Debug|Any CPU.ActiveCfg = Debug|Any CPU
		{04749088-E13C-4BBF-96A0-4E5BECD12536}.Debug|Any CPU.Build.0 = Debug|Any CPU
		{04749088-E13C-4BBF-96A0-4E5BECD12536}.Release|Any CPU.ActiveCfg = Release|Any CPU
		{04749088-E13C-4BBF-96A0-4E5BECD12536}.Release|Any CPU.Build.0 = Release|Any CPU
		{A172402F-215D-48C2-9774-4F84B1C028B1}.Debug|Any CPU.ActiveCfg = Debug|Any CPU
		{A172402F-215D-48C2-9774-4F84B1C028B1}.Debug|Any CPU.Build.0 = Debug|Any CPU
		{A172402F-215D-48C2-9774-4F84B1C028B1}.Release|Any CPU.ActiveCfg = Release|Any CPU
		{A172402F-215D-48C2-9774-4F84B1C028B1}.Release|Any CPU.Build.0 = Release|Any CPU
		{3C9C564E-712B-4C2C-B9A4-E3C478FD2C13}.Debug|Any CPU.ActiveCfg = Debug|Any CPU
		{3C9C564E-712B-4C2C-B9A4-E3C478FD2C13}.Debug|Any CPU.Build.0 = Debug|Any CPU
		{3C9C564E-712B-4C2C-B9A4-E3C478FD2C13}.Release|Any CPU.ActiveCfg = Release|Any CPU
		{3C9C564E-712B-4C2C-B9A4-E3C478FD2C13}.Release|Any CPU.Build.0 = Release|Any CPU
		{38208EBB-3829-4D81-8945-E5A6DE5A8B4D}.Debug|Any CPU.ActiveCfg = Debug|Any CPU
		{38208EBB-3829-4D81-8945-E5A6DE5A8B4D}.Debug|Any CPU.Build.0 = Debug|Any CPU
		{38208EBB-3829-4D81-8945-E5A6DE5A8B4D}.Release|Any CPU.ActiveCfg = Release|Any CPU
		{38208EBB-3829-4D81-8945-E5A6DE5A8B4D}.Release|Any CPU.Build.0 = Release|Any CPU
		{B80ED29D-C9AA-4890-A9DB-9AC33D5894B2}.Debug|Any CPU.ActiveCfg = Debug|Any CPU
		{B80ED29D-C9AA-4890-A9DB-9AC33D5894B2}.Debug|Any CPU.Build.0 = Debug|Any CPU
		{B80ED29D-C9AA-4890-A9DB-9AC33D5894B2}.Release|Any CPU.ActiveCfg = Release|Any CPU
		{B80ED29D-C9AA-4890-A9DB-9AC33D5894B2}.Release|Any CPU.Build.0 = Release|Any CPU
	EndGlobalSection
	GlobalSection(SolutionProperties) = preSolution
		HideSolutionNode = FALSE
	EndGlobalSection
	GlobalSection(ExtensibilityGlobals) = postSolution
		SolutionGuid = {2ED1A1FA-1481-40BA-85A2-CA867899C527}
	EndGlobalSection
EndGlobal
